// !$*UTF8*$!
{
	archiveVersion = 1;
	classes = {
	};
	objectVersion = 50;
	objects = {

/* Begin PBXBuildFile section */
		BEBC5701243E612C009F124D /* AppDelegate.swift in Sources */ = {isa = PBXBuildFile; fileRef = BEBC5700243E612C009F124D /* AppDelegate.swift */; };
		BEBC5703243E612C009F124D /* SceneDelegate.swift in Sources */ = {isa = PBXBuildFile; fileRef = BEBC5702243E612C009F124D /* SceneDelegate.swift */; };
		BEBC5705243E612C009F124D /* ContentView.swift in Sources */ = {isa = PBXBuildFile; fileRef = BEBC5704243E612C009F124D /* ContentView.swift */; };
		BEBC5707243E612F009F124D /* Assets.xcassets in Resources */ = {isa = PBXBuildFile; fileRef = BEBC5706243E612F009F124D /* Assets.xcassets */; };
		BEBC570A243E612F009F124D /* Preview Assets.xcassets in Resources */ = {isa = PBXBuildFile; fileRef = BEBC5709243E612F009F124D /* Preview Assets.xcassets */; };
		BEBC570D243E612F009F124D /* LaunchScreen.storyboard in Resources */ = {isa = PBXBuildFile; fileRef = BEBC570B243E612F009F124D /* LaunchScreen.storyboard */; };
		BEBC5718243E6130009F124D /* VImage_ExampleTests.swift in Sources */ = {isa = PBXBuildFile; fileRef = BEBC5717243E6130009F124D /* VImage_ExampleTests.swift */; };
/* End PBXBuildFile section */

/* Begin PBXContainerItemProxy section */
		BEBC5714243E6130009F124D /* PBXContainerItemProxy */ = {
			isa = PBXContainerItemProxy;
			containerPortal = BEBC56F5243E612C009F124D /* Project object */;
			proxyType = 1;
			remoteGlobalIDString = BEBC56FC243E612C009F124D;
			remoteInfo = "VImage-Example";
		};
/* End PBXContainerItemProxy section */

/* Begin PBXCopyFilesBuildPhase section */
		BEBC5736243E625D009F124D /* Embed Frameworks */ = {
			isa = PBXCopyFilesBuildPhase;
			buildActionMask = 2147483647;
			dstPath = "";
			dstSubfolderSpec = 10;
			files = (
			);
			name = "Embed Frameworks";
			runOnlyForDeploymentPostprocessing = 0;
		};
/* End PBXCopyFilesBuildPhase section */

/* Begin PBXFileReference section */
		BEBC56FD243E612C009F124D /* VImage-Example.app */ = {isa = PBXFileReference; explicitFileType = wrapper.application; includeInIndex = 0; path = "VImage-Example.app"; sourceTree = BUILT_PRODUCTS_DIR; };
		BEBC5700243E612C009F124D /* AppDelegate.swift */ = {isa = PBXFileReference; lastKnownFileType = sourcecode.swift; path = AppDelegate.swift; sourceTree = "<group>"; };
		BEBC5702243E612C009F124D /* SceneDelegate.swift */ = {isa = PBXFileReference; lastKnownFileType = sourcecode.swift; path = SceneDelegate.swift; sourceTree = "<group>"; };
		BEBC5704243E612C009F124D /* ContentView.swift */ = {isa = PBXFileReference; lastKnownFileType = sourcecode.swift; path = ContentView.swift; sourceTree = "<group>"; };
		BEBC5706243E612F009F124D /* Assets.xcassets */ = {isa = PBXFileReference; lastKnownFileType = folder.assetcatalog; path = Assets.xcassets; sourceTree = "<group>"; };
		BEBC5709243E612F009F124D /* Preview Assets.xcassets */ = {isa = PBXFileReference; lastKnownFileType = folder.assetcatalog; path = "Preview Assets.xcassets"; sourceTree = "<group>"; };
		BEBC570C243E612F009F124D /* Base */ = {isa = PBXFileReference; lastKnownFileType = file.storyboard; name = Base; path = Base.lproj/LaunchScreen.storyboard; sourceTree = "<group>"; };
		BEBC570E243E612F009F124D /* Info.plist */ = {isa = PBXFileReference; lastKnownFileType = text.plist.xml; path = Info.plist; sourceTree = "<group>"; };
		BEBC5713243E6130009F124D /* VImage-ExampleTests.xctest */ = {isa = PBXFileReference; explicitFileType = wrapper.cfbundle; includeInIndex = 0; path = "VImage-ExampleTests.xctest"; sourceTree = BUILT_PRODUCTS_DIR; };
		BEBC5717243E6130009F124D /* VImage_ExampleTests.swift */ = {isa = PBXFileReference; lastKnownFileType = sourcecode.swift; path = VImage_ExampleTests.swift; sourceTree = "<group>"; };
		BEBC5719243E6130009F124D /* Info.plist */ = {isa = PBXFileReference; lastKnownFileType = text.plist.xml; path = Info.plist; sourceTree = "<group>"; };
		BEBC572F243E621A009F124D /* VImage.framework */ = {isa = PBXFileReference; explicitFileType = wrapper.framework; path = VImage.framework; sourceTree = BUILT_PRODUCTS_DIR; };
/* End PBXFileReference section */

/* Begin PBXFrameworksBuildPhase section */
		BEBC56FA243E612C009F124D /* Frameworks */ = {
			isa = PBXFrameworksBuildPhase;
			buildActionMask = 2147483647;
			files = (
			);
			runOnlyForDeploymentPostprocessing = 0;
		};
		BEBC5710243E6130009F124D /* Frameworks */ = {
			isa = PBXFrameworksBuildPhase;
			buildActionMask = 2147483647;
			files = (
			);
			runOnlyForDeploymentPostprocessing = 0;
		};
/* End PBXFrameworksBuildPhase section */

/* Begin PBXGroup section */
		BEBC56F4243E612C009F124D = {
			isa = PBXGroup;
			children = (
				BEBC56FF243E612C009F124D /* VImage-Example */,
				BEBC5716243E6130009F124D /* VImage-ExampleTests */,
				BEBC56FE243E612C009F124D /* Products */,
				BEBC572E243E621A009F124D /* Frameworks */,
			);
			sourceTree = "<group>";
		};
		BEBC56FE243E612C009F124D /* Products */ = {
			isa = PBXGroup;
			children = (
				BEBC56FD243E612C009F124D /* VImage-Example.app */,
				BEBC5713243E6130009F124D /* VImage-ExampleTests.xctest */,
			);
			name = Products;
			sourceTree = "<group>";
		};
		BEBC56FF243E612C009F124D /* VImage-Example */ = {
			isa = PBXGroup;
			children = (
				BEBC5700243E612C009F124D /* AppDelegate.swift */,
				BEBC5702243E612C009F124D /* SceneDelegate.swift */,
				BEBC5704243E612C009F124D /* ContentView.swift */,
				BEBC5706243E612F009F124D /* Assets.xcassets */,
				BEBC570B243E612F009F124D /* LaunchScreen.storyboard */,
				BEBC570E243E612F009F124D /* Info.plist */,
				BEBC5708243E612F009F124D /* Preview Content */,
			);
			path = "VImage-Example";
			sourceTree = "<group>";
		};
		BEBC5708243E612F009F124D /* Preview Content */ = {
			isa = PBXGroup;
			children = (
				BEBC5709243E612F009F124D /* Preview Assets.xcassets */,
			);
			path = "Preview Content";
			sourceTree = "<group>";
		};
		BEBC5716243E6130009F124D /* VImage-ExampleTests */ = {
			isa = PBXGroup;
			children = (
				BEBC5717243E6130009F124D /* VImage_ExampleTests.swift */,
				BEBC5719243E6130009F124D /* Info.plist */,
			);
			path = "VImage-ExampleTests";
			sourceTree = "<group>";
		};
		BEBC572E243E621A009F124D /* Frameworks */ = {
			isa = PBXGroup;
			children = (
				BEBC572F243E621A009F124D /* VImage.framework */,
			);
			name = Frameworks;
			sourceTree = "<group>";
		};
/* End PBXGroup section */

/* Begin PBXNativeTarget section */
		BEBC56FC243E612C009F124D /* VImage-Example */ = {
			isa = PBXNativeTarget;
			buildConfigurationList = BEBC571C243E6130009F124D /* Build configuration list for PBXNativeTarget "VImage-Example" */;
			buildPhases = (
				BEBC56F9243E612C009F124D /* Sources */,
				BEBC56FA243E612C009F124D /* Frameworks */,
				BEBC56FB243E612C009F124D /* Resources */,
				BEBC5736243E625D009F124D /* Embed Frameworks */,
			);
			buildRules = (
			);
			dependencies = (
			);
			name = "VImage-Example";
			productName = "VImage-Example";
			productReference = BEBC56FD243E612C009F124D /* VImage-Example.app */;
			productType = "com.apple.product-type.application";
		};
		BEBC5712243E6130009F124D /* VImage-ExampleTests */ = {
			isa = PBXNativeTarget;
			buildConfigurationList = BEBC571F243E6130009F124D /* Build configuration list for PBXNativeTarget "VImage-ExampleTests" */;
			buildPhases = (
				BEBC570F243E6130009F124D /* Sources */,
				BEBC5710243E6130009F124D /* Frameworks */,
				BEBC5711243E6130009F124D /* Resources */,
			);
			buildRules = (
			);
			dependencies = (
				BEBC5715243E6130009F124D /* PBXTargetDependency */,
			);
			name = "VImage-ExampleTests";
			productName = "VImage-ExampleTests";
			productReference = BEBC5713243E6130009F124D /* VImage-ExampleTests.xctest */;
			productType = "com.apple.product-type.bundle.unit-test";
		};
/* End PBXNativeTarget section */

/* Begin PBXProject section */
		BEBC56F5243E612C009F124D /* Project object */ = {
			isa = PBXProject;
			attributes = {
				LastSwiftUpdateCheck = 1140;
				LastUpgradeCheck = 1140;
				ORGANIZATIONNAME = "Victor Melo";
				TargetAttributes = {
					BEBC56FC243E612C009F124D = {
						CreatedOnToolsVersion = 11.4;
					};
					BEBC5712243E6130009F124D = {
						CreatedOnToolsVersion = 11.4;
						TestTargetID = BEBC56FC243E612C009F124D;
					};
				};
			};
			buildConfigurationList = BEBC56F8243E612C009F124D /* Build configuration list for PBXProject "VImage-Example" */;
			compatibilityVersion = "Xcode 9.3";
			developmentRegion = en;
			hasScannedForEncodings = 0;
			knownRegions = (
				en,
				Base,
			);
			mainGroup = BEBC56F4243E612C009F124D;
			productRefGroup = BEBC56FE243E612C009F124D /* Products */;
			projectDirPath = "";
			projectRoot = "";
			targets = (
				BEBC56FC243E612C009F124D /* VImage-Example */,
				BEBC5712243E6130009F124D /* VImage-ExampleTests */,
			);
		};
/* End PBXProject section */

/* Begin PBXResourcesBuildPhase section */
		BEBC56FB243E612C009F124D /* Resources */ = {
			isa = PBXResourcesBuildPhase;
			buildActionMask = 2147483647;
			files = (
				BEBC570D243E612F009F124D /* LaunchScreen.storyboard in Resources */,
				BEBC570A243E612F009F124D /* Preview Assets.xcassets in Resources */,
				BEBC5707243E612F009F124D /* Assets.xcassets in Resources */,
			);
			runOnlyForDeploymentPostprocessing = 0;
		};
		BEBC5711243E6130009F124D /* Resources */ = {
			isa = PBXResourcesBuildPhase;
			buildActionMask = 2147483647;
			files = (
			);
			runOnlyForDeploymentPostprocessing = 0;
		};
/* End PBXResourcesBuildPhase section */

/* Begin PBXSourcesBuildPhase section */
		BEBC56F9243E612C009F124D /* Sources */ = {
			isa = PBXSourcesBuildPhase;
			buildActionMask = 2147483647;
			files = (
				BEBC5701243E612C009F124D /* AppDelegate.swift in Sources */,
				BEBC5703243E612C009F124D /* SceneDelegate.swift in Sources */,
				BEBC5705243E612C009F124D /* ContentView.swift in Sources */,
			);
			runOnlyForDeploymentPostprocessing = 0;
		};
		BEBC570F243E6130009F124D /* Sources */ = {
			isa = PBXSourcesBuildPhase;
			buildActionMask = 2147483647;
			files = (
				BEBC5718243E6130009F124D /* VImage_ExampleTests.swift in Sources */,
			);
			runOnlyForDeploymentPostprocessing = 0;
		};
/* End PBXSourcesBuildPhase section */

/* Begin PBXTargetDependency section */
		BEBC5715243E6130009F124D /* PBXTargetDependency */ = {
			isa = PBXTargetDependency;
			target = BEBC56FC243E612C009F124D /* VImage-Example */;
			targetProxy = BEBC5714243E6130009F124D /* PBXContainerItemProxy */;
		};
/* End PBXTargetDependency section */

/* Begin PBXVariantGroup section */
		BEBC570B243E612F009F124D /* LaunchScreen.storyboard */ = {
			isa = PBXVariantGroup;
			children = (
				BEBC570C243E612F009F124D /* Base */,
			);
			name = LaunchScreen.storyboard;
			sourceTree = "<group>";
		};
/* End PBXVariantGroup section */

/* Begin XCBuildConfiguration section */
		BEBC571A243E6130009F124D /* Debug */ = {
			isa = XCBuildConfiguration;
			buildSettings = {
				ALWAYS_SEARCH_USER_PATHS = NO;
				CLANG_ANALYZER_NONNULL = YES;
				CLANG_ANALYZER_NUMBER_OBJECT_CONVERSION = YES_AGGRESSIVE;
				CLANG_CXX_LANGUAGE_STANDARD = "gnu++14";
				CLANG_CXX_LIBRARY = "libc++";
				CLANG_ENABLE_MODULES = YES;
				CLANG_ENABLE_OBJC_ARC = YES;
				CLANG_ENABLE_OBJC_WEAK = YES;
				CLANG_WARN_BLOCK_CAPTURE_AUTORELEASING = YES;
				CLANG_WARN_BOOL_CONVERSION = YES;
				CLANG_WARN_COMMA = YES;
				CLANG_WARN_CONSTANT_CONVERSION = YES;
				CLANG_WARN_DEPRECATED_OBJC_IMPLEMENTATIONS = YES;
				CLANG_WARN_DIRECT_OBJC_ISA_USAGE = YES_ERROR;
				CLANG_WARN_DOCUMENTATION_COMMENTS = YES;
				CLANG_WARN_EMPTY_BODY = YES;
				CLANG_WARN_ENUM_CONVERSION = YES;
				CLANG_WARN_INFINITE_RECURSION = YES;
				CLANG_WARN_INT_CONVERSION = YES;
				CLANG_WARN_NON_LITERAL_NULL_CONVERSION = YES;
				CLANG_WARN_OBJC_IMPLICIT_RETAIN_SELF = YES;
				CLANG_WARN_OBJC_LITERAL_CONVERSION = YES;
				CLANG_WARN_OBJC_ROOT_CLASS = YES_ERROR;
				CLANG_WARN_RANGE_LOOP_ANALYSIS = YES;
				CLANG_WARN_STRICT_PROTOTYPES = YES;
				CLANG_WARN_SUSPICIOUS_MOVE = YES;
				CLANG_WARN_UNGUARDED_AVAILABILITY = YES_AGGRESSIVE;
				CLANG_WARN_UNREACHABLE_CODE = YES;
				CLANG_WARN__DUPLICATE_METHOD_MATCH = YES;
				COPY_PHASE_STRIP = NO;
				DEBUG_INFORMATION_FORMAT = dwarf;
				ENABLE_STRICT_OBJC_MSGSEND = YES;
				ENABLE_TESTABILITY = YES;
				GCC_C_LANGUAGE_STANDARD = gnu11;
				GCC_DYNAMIC_NO_PIC = NO;
				GCC_NO_COMMON_BLOCKS = YES;
				GCC_OPTIMIZATION_LEVEL = 0;
				GCC_PREPROCESSOR_DEFINITIONS = (
					"DEBUG=1",
					"$(inherited)",
				);
				GCC_WARN_64_TO_32_BIT_CONVERSION = YES;
				GCC_WARN_ABOUT_RETURN_TYPE = YES_ERROR;
				GCC_WARN_UNDECLARED_SELECTOR = YES;
				GCC_WARN_UNINITIALIZED_AUTOS = YES_AGGRESSIVE;
				GCC_WARN_UNUSED_FUNCTION = YES;
				GCC_WARN_UNUSED_VARIABLE = YES;
				IPHONEOS_DEPLOYMENT_TARGET = 13.4;
				MTL_ENABLE_DEBUG_INFO = INCLUDE_SOURCE;
				MTL_FAST_MATH = YES;
				ONLY_ACTIVE_ARCH = YES;
				SDKROOT = iphoneos;
				SWIFT_ACTIVE_COMPILATION_CONDITIONS = DEBUG;
				SWIFT_OPTIMIZATION_LEVEL = "-Onone";
			};
			name = Debug;
		};
		BEBC571B243E6130009F124D /* Release */ = {
			isa = XCBuildConfiguration;
			buildSettings = {
				ALWAYS_SEARCH_USER_PATHS = NO;
				CLANG_ANALYZER_NONNULL = YES;
				CLANG_ANALYZER_NUMBER_OBJECT_CONVERSION = YES_AGGRESSIVE;
				CLANG_CXX_LANGUAGE_STANDARD = "gnu++14";
				CLANG_CXX_LIBRARY = "libc++";
				CLANG_ENABLE_MODULES = YES;
				CLANG_ENABLE_OBJC_ARC = YES;
				CLANG_ENABLE_OBJC_WEAK = YES;
				CLANG_WARN_BLOCK_CAPTURE_AUTORELEASING = YES;
				CLANG_WARN_BOOL_CONVERSION = YES;
				CLANG_WARN_COMMA = YES;
				CLANG_WARN_CONSTANT_CONVERSION = YES;
				CLANG_WARN_DEPRECATED_OBJC_IMPLEMENTATIONS = YES;
				CLANG_WARN_DIRECT_OBJC_ISA_USAGE = YES_ERROR;
				CLANG_WARN_DOCUMENTATION_COMMENTS = YES;
				CLANG_WARN_EMPTY_BODY = YES;
				CLANG_WARN_ENUM_CONVERSION = YES;
				CLANG_WARN_INFINITE_RECURSION = YES;
				CLANG_WARN_INT_CONVERSION = YES;
				CLANG_WARN_NON_LITERAL_NULL_CONVERSION = YES;
				CLANG_WARN_OBJC_IMPLICIT_RETAIN_SELF = YES;
				CLANG_WARN_OBJC_LITERAL_CONVERSION = YES;
				CLANG_WARN_OBJC_ROOT_CLASS = YES_ERROR;
				CLANG_WARN_RANGE_LOOP_ANALYSIS = YES;
				CLANG_WARN_STRICT_PROTOTYPES = YES;
				CLANG_WARN_SUSPICIOUS_MOVE = YES;
				CLANG_WARN_UNGUARDED_AVAILABILITY = YES_AGGRESSIVE;
				CLANG_WARN_UNREACHABLE_CODE = YES;
				CLANG_WARN__DUPLICATE_METHOD_MATCH = YES;
				COPY_PHASE_STRIP = NO;
				DEBUG_INFORMATION_FORMAT = "dwarf-with-dsym";
				ENABLE_NS_ASSERTIONS = NO;
				ENABLE_STRICT_OBJC_MSGSEND = YES;
				GCC_C_LANGUAGE_STANDARD = gnu11;
				GCC_NO_COMMON_BLOCKS = YES;
				GCC_WARN_64_TO_32_BIT_CONVERSION = YES;
				GCC_WARN_ABOUT_RETURN_TYPE = YES_ERROR;
				GCC_WARN_UNDECLARED_SELECTOR = YES;
				GCC_WARN_UNINITIALIZED_AUTOS = YES_AGGRESSIVE;
				GCC_WARN_UNUSED_FUNCTION = YES;
				GCC_WARN_UNUSED_VARIABLE = YES;
				IPHONEOS_DEPLOYMENT_TARGET = 13.4;
				MTL_ENABLE_DEBUG_INFO = NO;
				MTL_FAST_MATH = YES;
				SDKROOT = iphoneos;
				SWIFT_COMPILATION_MODE = wholemodule;
				SWIFT_OPTIMIZATION_LEVEL = "-O";
				VALIDATE_PRODUCT = YES;
			};
			name = Release;
		};
		BEBC571D243E6130009F124D /* Debug */ = {
			isa = XCBuildConfiguration;
			buildSettings = {
				ASSETCATALOG_COMPILER_APPICON_NAME = AppIcon;
				CODE_SIGN_STYLE = Automatic;
				DEVELOPMENT_ASSET_PATHS = "\"VImage-Example/Preview Content\"";
				DEVELOPMENT_TEAM = Y93HUJS49V;
				ENABLE_PREVIEWS = YES;
				INFOPLIST_FILE = "VImage-Example/Info.plist";
				LD_RUNPATH_SEARCH_PATHS = (
					"$(inherited)",
					"@executable_path/Frameworks",
				);
				PRODUCT_BUNDLE_IDENTIFIER = "br.com.victormelo.VImage-Example";
				PRODUCT_NAME = "$(TARGET_NAME)";
				SWIFT_VERSION = 5.0;
				TARGETED_DEVICE_FAMILY = "1,2";
			};
			name = Debug;
		};
		BEBC571E243E6130009F124D /* Release */ = {
			isa = XCBuildConfiguration;
			buildSettings = {
				ASSETCATALOG_COMPILER_APPICON_NAME = AppIcon;
				CODE_SIGN_STYLE = Automatic;
				DEVELOPMENT_ASSET_PATHS = "\"VImage-Example/Preview Content\"";
				DEVELOPMENT_TEAM = Y93HUJS49V;
				ENABLE_PREVIEWS = YES;
				INFOPLIST_FILE = "VImage-Example/Info.plist";
				LD_RUNPATH_SEARCH_PATHS = (
					"$(inherited)",
					"@executable_path/Frameworks",
				);
				PRODUCT_BUNDLE_IDENTIFIER = "br.com.victormelo.VImage-Example";
				PRODUCT_NAME = "$(TARGET_NAME)";
				SWIFT_VERSION = 5.0;
				TARGETED_DEVICE_FAMILY = "1,2";
			};
			name = Release;
		};
		BEBC5720243E6130009F124D /* Debug */ = {
			isa = XCBuildConfiguration;
			buildSettings = {
				ALWAYS_EMBED_SWIFT_STANDARD_LIBRARIES = YES;
				BUNDLE_LOADER = "$(TEST_HOST)";
				CODE_SIGN_STYLE = Automatic;
				DEVELOPMENT_TEAM = Y93HUJS49V;
				INFOPLIST_FILE = "VImage-ExampleTests/Info.plist";
				IPHONEOS_DEPLOYMENT_TARGET = 13.4;
				LD_RUNPATH_SEARCH_PATHS = (
					"$(inherited)",
					"@executable_path/Frameworks",
					"@loader_path/Frameworks",
				);
				PRODUCT_BUNDLE_IDENTIFIER = "br.com.victormelo.VImage-ExampleTests";
				PRODUCT_NAME = "$(TARGET_NAME)";
				SWIFT_VERSION = 5.0;
				TARGETED_DEVICE_FAMILY = "1,2";
				TEST_HOST = "$(BUILT_PRODUCTS_DIR)/VImage-Example.app/VImage-Example";
			};
			name = Debug;
		};
		BEBC5721243E6130009F124D /* Release */ = {
			isa = XCBuildConfiguration;
			buildSettings = {
				ALWAYS_EMBED_SWIFT_STANDARD_LIBRARIES = YES;
				BUNDLE_LOADER = "$(TEST_HOST)";
				CODE_SIGN_STYLE = Automatic;
				DEVELOPMENT_TEAM = Y93HUJS49V;
				INFOPLIST_FILE = "VImage-ExampleTests/Info.plist";
				IPHONEOS_DEPLOYMENT_TARGET = 13.4;
				LD_RUNPATH_SEARCH_PATHS = (
					"$(inherited)",
					"@executable_path/Frameworks",
					"@loader_path/Frameworks",
				);
				PRODUCT_BUNDLE_IDENTIFIER = "br.com.victormelo.VImage-ExampleTests";
				PRODUCT_NAME = "$(TARGET_NAME)";
				SWIFT_VERSION = 5.0;
				TARGETED_DEVICE_FAMILY = "1,2";
				TEST_HOST = "$(BUILT_PRODUCTS_DIR)/VImage-Example.app/VImage-Example";
			};
			name = Release;
		};
/* End XCBuildConfiguration section */

/* Begin XCConfigurationList section */
		BEBC56F8243E612C009F124D /* Build configuration list for PBXProject "VImage-Example" */ = {
			isa = XCConfigurationList;
			buildConfigurations = (
				BEBC571A243E6130009F124D /* Debug */,
				BEBC571B243E6130009F124D /* Release */,
			);
			defaultConfigurationIsVisible = 0;
			defaultConfigurationName = Release;
		};
		BEBC571C243E6130009F124D /* Build configuration list for PBXNativeTarget "VImage-Example" */ = {
			isa = XCConfigurationList;
			buildConfigurations = (
				BEBC571D243E6130009F124D /* Debug */,
				BEBC571E243E6130009F124D /* Release */,
			);
			defaultConfigurationIsVisible = 0;
			defaultConfigurationName = Release;
		};
		BEBC571F243E6130009F124D /* Build configuration list for PBXNativeTarget "VImage-ExampleTests" */ = {
			isa = XCConfigurationList;
			buildConfigurations = (
				BEBC5720243E6130009F124D /* Debug */,
				BEBC5721243E6130009F124D /* Release */,
			);
			defaultConfigurationIsVisible = 0;
			defaultConfigurationName = Release;
		};
/* End XCConfigurationList section */
	};
	rootObject = BEBC56F5243E612C009F124D /* Project object */;
}
